
Microsoft Visual Studio Solution File, Format Version 12.00
# Visual Studio 15
VisualStudioVersion = 15.0.28307.421
MinimumVisualStudioVersion = 10.0.40219.1
Project("{FAE04EC0-301F-11D3-BF4B-00C04F79EFBC}") = "MyCalc", "MyCalc\MyCalc.csproj", "{6583E49D-8234-4835-93DC-D3D0AB834AF5}"
EndProject
Global
	GlobalSection(SolutionConfigurationPlatforms) = preSolution
		Debug|Any CPU = Debug|Any CPU
		Release|Any CPU = Release|Any CPU
	EndGlobalSection
	GlobalSection(ProjectConfigurationPlatforms) = postSolution
		{6583E49D-8234-4835-93DC-D3D0AB834AF5}.Debug|Any CPU.ActiveCfg = Debug|Any CPU
		{6583E49D-8234-4835-93DC-D3D0AB834AF5}.Debug|Any CPU.Build.0 = Debug|Any CPU
		{6583E49D-8234-4835-93DC-D3D0AB834AF5}.Release|Any CPU.ActiveCfg = Release|Any CPU
		{6583E49D-8234-4835-93DC-D3D0AB834AF5}.Release|Any CPU.Build.0 = Release|Any CPU
	EndGlobalSection
	GlobalSection(SolutionProperties) = preSolution
		HideSolutionNode = FALSE
	EndGlobalSection
	GlobalSection(ExtensibilityGlobals) = postSolution
		SolutionGuid = {44C8906A-8D4F-4F8B-8276-A15E50EFB884}
	EndGlobalSection
EndGlobal
