
Microsoft Visual Studio Solution File, Format Version 12.00
# Visual Studio 15
VisualStudioVersion = 15.0.28307.421
MinimumVisualStudioVersion = 10.0.40219.1
Project("{FAE04EC0-301F-11D3-BF4B-00C04F79EFBC}") = "HomeApp1", "HomeApp1\HomeApp1.csproj", "{C765BF9A-9B9E-44DC-9E2D-89DFD16CA56B}"
EndProject
Project("{FAE04EC0-301F-11D3-BF4B-00C04F79EFBC}") = "HomeApp2", "HomeApp2\HomeApp2.csproj", "{8AA6BAD5-0632-4BCC-9580-EC14885CDD34}"
EndProject
Global
	GlobalSection(SolutionConfigurationPlatforms) = preSolution
		Debug|Any CPU = Debug|Any CPU
		Release|Any CPU = Release|Any CPU
	EndGlobalSection
	GlobalSection(ProjectConfigurationPlatforms) = postSolution
		{C765BF9A-9B9E-44DC-9E2D-89DFD16CA56B}.Debug|Any CPU.ActiveCfg = Debug|Any CPU
		{C765BF9A-9B9E-44DC-9E2D-89DFD16CA56B}.Debug|Any CPU.Build.0 = Debug|Any CPU
		{C765BF9A-9B9E-44DC-9E2D-89DFD16CA56B}.Release|Any CPU.ActiveCfg = Release|Any CPU
		{C765BF9A-9B9E-44DC-9E2D-89DFD16CA56B}.Release|Any CPU.Build.0 = Release|Any CPU
		{8AA6BAD5-0632-4BCC-9580-EC14885CDD34}.Debug|Any CPU.ActiveCfg = Debug|Any CPU
		{8AA6BAD5-0632-4BCC-9580-EC14885CDD34}.Debug|Any CPU.Build.0 = Debug|Any CPU
		{8AA6BAD5-0632-4BCC-9580-EC14885CDD34}.Release|Any CPU.ActiveCfg = Release|Any CPU
		{8AA6BAD5-0632-4BCC-9580-EC14885CDD34}.Release|Any CPU.Build.0 = Release|Any CPU
	EndGlobalSection
	GlobalSection(SolutionProperties) = preSolution
		HideSolutionNode = FALSE
	EndGlobalSection
	GlobalSection(ExtensibilityGlobals) = postSolution
		SolutionGuid = {11890AD7-7013-4E5E-B2A4-12E8C67E0ADF}
	EndGlobalSection
EndGlobal
