
Microsoft Visual Studio Solution File, Format Version 12.00
# Visual Studio 15
VisualStudioVersion = 15.0.28307.421
MinimumVisualStudioVersion = 10.0.40219.1
Project("{FAE04EC0-301F-11D3-BF4B-00C04F79EFBC}") = "ClassApp1", "ClassApp1\ClassApp1.csproj", "{FB5883F4-ADD4-48D3-A371-B257482625DD}"
EndProject
Global
	GlobalSection(SolutionConfigurationPlatforms) = preSolution
		Debug|Any CPU = Debug|Any CPU
		Release|Any CPU = Release|Any CPU
	EndGlobalSection
	GlobalSection(ProjectConfigurationPlatforms) = postSolution
		{FB5883F4-ADD4-48D3-A371-B257482625DD}.Debug|Any CPU.ActiveCfg = Debug|Any CPU
		{FB5883F4-ADD4-48D3-A371-B257482625DD}.Debug|Any CPU.Build.0 = Debug|Any CPU
		{FB5883F4-ADD4-48D3-A371-B257482625DD}.Release|Any CPU.ActiveCfg = Release|Any CPU
		{FB5883F4-ADD4-48D3-A371-B257482625DD}.Release|Any CPU.Build.0 = Release|Any CPU
	EndGlobalSection
	GlobalSection(SolutionProperties) = preSolution
		HideSolutionNode = FALSE
	EndGlobalSection
	GlobalSection(ExtensibilityGlobals) = postSolution
		SolutionGuid = {C14A105D-FB3D-4A13-9A45-4CF83AB3C3E5}
	EndGlobalSection
EndGlobal
