
Microsoft Visual Studio Solution File, Format Version 12.00
# Visual Studio 15
VisualStudioVersion = 15.0.28307.421
MinimumVisualStudioVersion = 10.0.40219.1
Project("{FAE04EC0-301F-11D3-BF4B-00C04F79EFBC}") = "HomeApp1", "HomeApp1\HomeApp1.csproj", "{6C719AA0-FC5C-446E-8789-295761972F70}"
EndProject
Global
	GlobalSection(SolutionConfigurationPlatforms) = preSolution
		Debug|Any CPU = Debug|Any CPU
		Release|Any CPU = Release|Any CPU
	EndGlobalSection
	GlobalSection(ProjectConfigurationPlatforms) = postSolution
		{6C719AA0-FC5C-446E-8789-295761972F70}.Debug|Any CPU.ActiveCfg = Debug|Any CPU
		{6C719AA0-FC5C-446E-8789-295761972F70}.Debug|Any CPU.Build.0 = Debug|Any CPU
		{6C719AA0-FC5C-446E-8789-295761972F70}.Release|Any CPU.ActiveCfg = Release|Any CPU
		{6C719AA0-FC5C-446E-8789-295761972F70}.Release|Any CPU.Build.0 = Release|Any CPU
	EndGlobalSection
	GlobalSection(SolutionProperties) = preSolution
		HideSolutionNode = FALSE
	EndGlobalSection
	GlobalSection(ExtensibilityGlobals) = postSolution
		SolutionGuid = {8CDA6895-EF6A-41DE-9A1E-7161D6EE9E62}
	EndGlobalSection
EndGlobal
