
Microsoft Visual Studio Solution File, Format Version 12.00
# Visual Studio 15
VisualStudioVersion = 15.0.28307.421
MinimumVisualStudioVersion = 10.0.40219.1
Project("{FAE04EC0-301F-11D3-BF4B-00C04F79EFBC}") = "HomeApp", "HomeApp\HomeApp.csproj", "{ED1282C6-13C2-4310-9E67-D21D3585126B}"
EndProject
Global
	GlobalSection(SolutionConfigurationPlatforms) = preSolution
		Debug|Any CPU = Debug|Any CPU
		Release|Any CPU = Release|Any CPU
	EndGlobalSection
	GlobalSection(ProjectConfigurationPlatforms) = postSolution
		{ED1282C6-13C2-4310-9E67-D21D3585126B}.Debug|Any CPU.ActiveCfg = Debug|Any CPU
		{ED1282C6-13C2-4310-9E67-D21D3585126B}.Debug|Any CPU.Build.0 = Debug|Any CPU
		{ED1282C6-13C2-4310-9E67-D21D3585126B}.Release|Any CPU.ActiveCfg = Release|Any CPU
		{ED1282C6-13C2-4310-9E67-D21D3585126B}.Release|Any CPU.Build.0 = Release|Any CPU
	EndGlobalSection
	GlobalSection(SolutionProperties) = preSolution
		HideSolutionNode = FALSE
	EndGlobalSection
	GlobalSection(ExtensibilityGlobals) = postSolution
		SolutionGuid = {B91EDABF-83B7-44D5-80A6-0276D973C04C}
	EndGlobalSection
EndGlobal
