
Microsoft Visual Studio Solution File, Format Version 12.00
# Visual Studio 15
VisualStudioVersion = 15.0.28307.421
MinimumVisualStudioVersion = 10.0.40219.1
Project("{FAE04EC0-301F-11D3-BF4B-00C04F79EFBC}") = "HomeApp1", "HomeApp1\HomeApp1.csproj", "{A3F69A3F-F82D-4D68-9125-2925EBCD668A}"
EndProject
Project("{FAE04EC0-301F-11D3-BF4B-00C04F79EFBC}") = "HomeApp2", "HomeApp2\HomeApp2.csproj", "{751B2E6F-D72E-4BE1-950B-FB1371B5F1AF}"
EndProject
Global
	GlobalSection(SolutionConfigurationPlatforms) = preSolution
		Debug|Any CPU = Debug|Any CPU
		Release|Any CPU = Release|Any CPU
	EndGlobalSection
	GlobalSection(ProjectConfigurationPlatforms) = postSolution
		{A3F69A3F-F82D-4D68-9125-2925EBCD668A}.Debug|Any CPU.ActiveCfg = Debug|Any CPU
		{A3F69A3F-F82D-4D68-9125-2925EBCD668A}.Debug|Any CPU.Build.0 = Debug|Any CPU
		{A3F69A3F-F82D-4D68-9125-2925EBCD668A}.Release|Any CPU.ActiveCfg = Release|Any CPU
		{A3F69A3F-F82D-4D68-9125-2925EBCD668A}.Release|Any CPU.Build.0 = Release|Any CPU
		{751B2E6F-D72E-4BE1-950B-FB1371B5F1AF}.Debug|Any CPU.ActiveCfg = Debug|Any CPU
		{751B2E6F-D72E-4BE1-950B-FB1371B5F1AF}.Debug|Any CPU.Build.0 = Debug|Any CPU
		{751B2E6F-D72E-4BE1-950B-FB1371B5F1AF}.Release|Any CPU.ActiveCfg = Release|Any CPU
		{751B2E6F-D72E-4BE1-950B-FB1371B5F1AF}.Release|Any CPU.Build.0 = Release|Any CPU
	EndGlobalSection
	GlobalSection(SolutionProperties) = preSolution
		HideSolutionNode = FALSE
	EndGlobalSection
	GlobalSection(ExtensibilityGlobals) = postSolution
		SolutionGuid = {17AB744E-D576-4DD5-B5D0-1FA371BA4261}
	EndGlobalSection
EndGlobal
