
Microsoft Visual Studio Solution File, Format Version 12.00
# Visual Studio 15
VisualStudioVersion = 15.0.28307.421
MinimumVisualStudioVersion = 10.0.40219.1
Project("{FAE04EC0-301F-11D3-BF4B-00C04F79EFBC}") = "EmptySample", "EmptySample\EmptySample.csproj", "{2F1CBC92-7D48-4A85-B13D-EDCFC8D2E420}"
EndProject
Global
	GlobalSection(SolutionConfigurationPlatforms) = preSolution
		Debug|Any CPU = Debug|Any CPU
		Release|Any CPU = Release|Any CPU
	EndGlobalSection
	GlobalSection(ProjectConfigurationPlatforms) = postSolution
		{2F1CBC92-7D48-4A85-B13D-EDCFC8D2E420}.Debug|Any CPU.ActiveCfg = Debug|Any CPU
		{2F1CBC92-7D48-4A85-B13D-EDCFC8D2E420}.Debug|Any CPU.Build.0 = Debug|Any CPU
		{2F1CBC92-7D48-4A85-B13D-EDCFC8D2E420}.Release|Any CPU.ActiveCfg = Release|Any CPU
		{2F1CBC92-7D48-4A85-B13D-EDCFC8D2E420}.Release|Any CPU.Build.0 = Release|Any CPU
	EndGlobalSection
	GlobalSection(SolutionProperties) = preSolution
		HideSolutionNode = FALSE
	EndGlobalSection
	GlobalSection(ExtensibilityGlobals) = postSolution
		SolutionGuid = {4C640BC5-814C-4AB9-A6E6-F0B10353FCD5}
	EndGlobalSection
EndGlobal
