
Microsoft Visual Studio Solution File, Format Version 12.00
# Visual Studio 15
VisualStudioVersion = 15.0.28307.421
MinimumVisualStudioVersion = 10.0.40219.1
Project("{FAE04EC0-301F-11D3-BF4B-00C04F79EFBC}") = "ClassApp1", "ClassApp1\ClassApp1.csproj", "{A05CA250-80B1-434E-B537-3385278A36BE}"
EndProject
Project("{FAE04EC0-301F-11D3-BF4B-00C04F79EFBC}") = "ConsoleApp2", "ConsoleApp2\ConsoleApp2.csproj", "{72F421BB-257B-42CE-A498-B52B871BFD9F}"
EndProject
Project("{FAE04EC0-301F-11D3-BF4B-00C04F79EFBC}") = "ConsoleApp3", "ConsoleApp3\ConsoleApp3.csproj", "{202194D7-F6F0-412B-84A9-CFD90AB22F74}"
EndProject
Global
	GlobalSection(SolutionConfigurationPlatforms) = preSolution
		Debug|Any CPU = Debug|Any CPU
		Release|Any CPU = Release|Any CPU
	EndGlobalSection
	GlobalSection(ProjectConfigurationPlatforms) = postSolution
		{A05CA250-80B1-434E-B537-3385278A36BE}.Debug|Any CPU.ActiveCfg = Debug|Any CPU
		{A05CA250-80B1-434E-B537-3385278A36BE}.Debug|Any CPU.Build.0 = Debug|Any CPU
		{A05CA250-80B1-434E-B537-3385278A36BE}.Release|Any CPU.ActiveCfg = Release|Any CPU
		{A05CA250-80B1-434E-B537-3385278A36BE}.Release|Any CPU.Build.0 = Release|Any CPU
		{72F421BB-257B-42CE-A498-B52B871BFD9F}.Debug|Any CPU.ActiveCfg = Debug|Any CPU
		{72F421BB-257B-42CE-A498-B52B871BFD9F}.Debug|Any CPU.Build.0 = Debug|Any CPU
		{72F421BB-257B-42CE-A498-B52B871BFD9F}.Release|Any CPU.ActiveCfg = Release|Any CPU
		{72F421BB-257B-42CE-A498-B52B871BFD9F}.Release|Any CPU.Build.0 = Release|Any CPU
		{202194D7-F6F0-412B-84A9-CFD90AB22F74}.Debug|Any CPU.ActiveCfg = Debug|Any CPU
		{202194D7-F6F0-412B-84A9-CFD90AB22F74}.Debug|Any CPU.Build.0 = Debug|Any CPU
		{202194D7-F6F0-412B-84A9-CFD90AB22F74}.Release|Any CPU.ActiveCfg = Release|Any CPU
		{202194D7-F6F0-412B-84A9-CFD90AB22F74}.Release|Any CPU.Build.0 = Release|Any CPU
	EndGlobalSection
	GlobalSection(SolutionProperties) = preSolution
		HideSolutionNode = FALSE
	EndGlobalSection
	GlobalSection(ExtensibilityGlobals) = postSolution
		SolutionGuid = {99E3AAA7-201C-4440-876A-85AB835506B5}
	EndGlobalSection
EndGlobal
