
Microsoft Visual Studio Solution File, Format Version 12.00
# Visual Studio 15
VisualStudioVersion = 15.0.28307.421
MinimumVisualStudioVersion = 10.0.40219.1
Project("{FAE04EC0-301F-11D3-BF4B-00C04F79EFBC}") = "ClassLibraryForNetStandard", "ClassLibraryForNetStandard\ClassLibraryForNetStandard.csproj", "{202024C0-79F1-4423-817B-1B27975F80A6}"
EndProject
Project("{FAE04EC0-301F-11D3-BF4B-00C04F79EFBC}") = "ClassLibraryForNetCore", "ClassLibraryForNetCore\ClassLibraryForNetCore.csproj", "{C7A85125-BCCB-4F79-99AB-BFDBB78263C8}"
EndProject
Project("{FAE04EC0-301F-11D3-BF4B-00C04F79EFBC}") = "ConsoleAppNetCore", "ConsoleAppNetCore\ConsoleAppNetCore.csproj", "{26E45B62-501B-4EAA-9F19-E38E15E03EF2}"
EndProject
Global
	GlobalSection(SolutionConfigurationPlatforms) = preSolution
		Debug|Any CPU = Debug|Any CPU
		Release|Any CPU = Release|Any CPU
	EndGlobalSection
	GlobalSection(ProjectConfigurationPlatforms) = postSolution
		{202024C0-79F1-4423-817B-1B27975F80A6}.Debug|Any CPU.ActiveCfg = Debug|Any CPU
		{202024C0-79F1-4423-817B-1B27975F80A6}.Debug|Any CPU.Build.0 = Debug|Any CPU
		{202024C0-79F1-4423-817B-1B27975F80A6}.Release|Any CPU.ActiveCfg = Release|Any CPU
		{202024C0-79F1-4423-817B-1B27975F80A6}.Release|Any CPU.Build.0 = Release|Any CPU
		{C7A85125-BCCB-4F79-99AB-BFDBB78263C8}.Debug|Any CPU.ActiveCfg = Debug|Any CPU
		{C7A85125-BCCB-4F79-99AB-BFDBB78263C8}.Debug|Any CPU.Build.0 = Debug|Any CPU
		{C7A85125-BCCB-4F79-99AB-BFDBB78263C8}.Release|Any CPU.ActiveCfg = Release|Any CPU
		{C7A85125-BCCB-4F79-99AB-BFDBB78263C8}.Release|Any CPU.Build.0 = Release|Any CPU
		{26E45B62-501B-4EAA-9F19-E38E15E03EF2}.Debug|Any CPU.ActiveCfg = Debug|Any CPU
		{26E45B62-501B-4EAA-9F19-E38E15E03EF2}.Debug|Any CPU.Build.0 = Debug|Any CPU
		{26E45B62-501B-4EAA-9F19-E38E15E03EF2}.Release|Any CPU.ActiveCfg = Release|Any CPU
		{26E45B62-501B-4EAA-9F19-E38E15E03EF2}.Release|Any CPU.Build.0 = Release|Any CPU
	EndGlobalSection
	GlobalSection(SolutionProperties) = preSolution
		HideSolutionNode = FALSE
	EndGlobalSection
	GlobalSection(ExtensibilityGlobals) = postSolution
		SolutionGuid = {9DF472E5-36D2-45CF-AF59-2C242EA609FA}
	EndGlobalSection
EndGlobal
