
Microsoft Visual Studio Solution File, Format Version 12.00
# Visual Studio 15
VisualStudioVersion = 15.0.28307.421
MinimumVisualStudioVersion = 10.0.40219.1
Project("{FAE04EC0-301F-11D3-BF4B-00C04F79EFBC}") = "ClassApp1", "ClassApp1\ClassApp1.csproj", "{E1BD603E-6EB3-4659-82EB-6D484DAFBFAD}"
EndProject
Project("{FAE04EC0-301F-11D3-BF4B-00C04F79EFBC}") = "ConsoleApp2", "ConsoleApp2\ConsoleApp2.csproj", "{1840E7AA-828A-4D1D-9E89-E2E143CB1F57}"
EndProject
Global
	GlobalSection(SolutionConfigurationPlatforms) = preSolution
		Debug|Any CPU = Debug|Any CPU
		Release|Any CPU = Release|Any CPU
	EndGlobalSection
	GlobalSection(ProjectConfigurationPlatforms) = postSolution
		{E1BD603E-6EB3-4659-82EB-6D484DAFBFAD}.Debug|Any CPU.ActiveCfg = Debug|Any CPU
		{E1BD603E-6EB3-4659-82EB-6D484DAFBFAD}.Debug|Any CPU.Build.0 = Debug|Any CPU
		{E1BD603E-6EB3-4659-82EB-6D484DAFBFAD}.Release|Any CPU.ActiveCfg = Release|Any CPU
		{E1BD603E-6EB3-4659-82EB-6D484DAFBFAD}.Release|Any CPU.Build.0 = Release|Any CPU
		{1840E7AA-828A-4D1D-9E89-E2E143CB1F57}.Debug|Any CPU.ActiveCfg = Debug|Any CPU
		{1840E7AA-828A-4D1D-9E89-E2E143CB1F57}.Debug|Any CPU.Build.0 = Debug|Any CPU
		{1840E7AA-828A-4D1D-9E89-E2E143CB1F57}.Release|Any CPU.ActiveCfg = Release|Any CPU
		{1840E7AA-828A-4D1D-9E89-E2E143CB1F57}.Release|Any CPU.Build.0 = Release|Any CPU
	EndGlobalSection
	GlobalSection(SolutionProperties) = preSolution
		HideSolutionNode = FALSE
	EndGlobalSection
	GlobalSection(ExtensibilityGlobals) = postSolution
		SolutionGuid = {7D70AB49-A77D-421E-8507-7EB10FEA086F}
	EndGlobalSection
EndGlobal
