
Microsoft Visual Studio Solution File, Format Version 12.00
# Visual Studio 15
VisualStudioVersion = 15.0.28307.421
MinimumVisualStudioVersion = 10.0.40219.1
Project("{FAE04EC0-301F-11D3-BF4B-00C04F79EFBC}") = "ClassApp1", "ClassApp1\ClassApp1.csproj", "{BF11910E-50A4-4B5C-9AF5-12ABAD1F510A}"
EndProject
Project("{FAE04EC0-301F-11D3-BF4B-00C04F79EFBC}") = "ClassApp2", "..\ClassApp2\ClassApp2.csproj", "{A2D3E67C-3341-43B2-8E4B-3DCB22B7187F}"
EndProject
Global
	GlobalSection(SolutionConfigurationPlatforms) = preSolution
		Debug|Any CPU = Debug|Any CPU
		Release|Any CPU = Release|Any CPU
	EndGlobalSection
	GlobalSection(ProjectConfigurationPlatforms) = postSolution
		{BF11910E-50A4-4B5C-9AF5-12ABAD1F510A}.Debug|Any CPU.ActiveCfg = Debug|Any CPU
		{BF11910E-50A4-4B5C-9AF5-12ABAD1F510A}.Debug|Any CPU.Build.0 = Debug|Any CPU
		{BF11910E-50A4-4B5C-9AF5-12ABAD1F510A}.Release|Any CPU.ActiveCfg = Release|Any CPU
		{BF11910E-50A4-4B5C-9AF5-12ABAD1F510A}.Release|Any CPU.Build.0 = Release|Any CPU
		{A2D3E67C-3341-43B2-8E4B-3DCB22B7187F}.Debug|Any CPU.ActiveCfg = Debug|Any CPU
		{A2D3E67C-3341-43B2-8E4B-3DCB22B7187F}.Debug|Any CPU.Build.0 = Debug|Any CPU
		{A2D3E67C-3341-43B2-8E4B-3DCB22B7187F}.Release|Any CPU.ActiveCfg = Release|Any CPU
		{A2D3E67C-3341-43B2-8E4B-3DCB22B7187F}.Release|Any CPU.Build.0 = Release|Any CPU
	EndGlobalSection
	GlobalSection(SolutionProperties) = preSolution
		HideSolutionNode = FALSE
	EndGlobalSection
	GlobalSection(ExtensibilityGlobals) = postSolution
		SolutionGuid = {10BF1B4B-4A1F-4B5C-A221-1B212F038EEB}
	EndGlobalSection
EndGlobal
